// !$*UTF8*$!
{
	archiveVersion = 1;
	classes = {
	};
	objectVersion = 50;
	objects = {

/* Begin PBXBuildFile section */
		164BC95A24D7C2720078E257 /* AppDelegate.swift in Sources */ = {isa = PBXBuildFile; fileRef = 164BC95924D7C2720078E257 /* AppDelegate.swift */; };
		164BC95C24D7C2720078E257 /* SceneDelegate.swift in Sources */ = {isa = PBXBuildFile; fileRef = 164BC95B24D7C2720078E257 /* SceneDelegate.swift */; };
		164BC96124D7C2720078E257 /* Main.storyboard in Resources */ = {isa = PBXBuildFile; fileRef = 164BC95F24D7C2720078E257 /* Main.storyboard */; };
		164BC96324D7C2740078E257 /* Assets.xcassets in Resources */ = {isa = PBXBuildFile; fileRef = 164BC96224D7C2740078E257 /* Assets.xcassets */; };
		164BC96624D7C2740078E257 /* LaunchScreen.storyboard in Resources */ = {isa = PBXBuildFile; fileRef = 164BC96424D7C2740078E257 /* LaunchScreen.storyboard */; };
		164BC97024D7C2940078E257 /* ViewController.swift in Sources */ = {isa = PBXBuildFile; fileRef = 164BC96F24D7C2940078E257 /* ViewController.swift */; };
		164BC97224D7C2A80078E257 /* ImageDisplayView.swift in Sources */ = {isa = PBXBuildFile; fileRef = 164BC97124D7C2A70078E257 /* ImageDisplayView.swift */; };
		164BC97424D7C2B20078E257 /* ImageDisplayView.xib in Resources */ = {isa = PBXBuildFile; fileRef = 164BC97324D7C2B20078E257 /* ImageDisplayView.xib */; };
/* End PBXBuildFile section */

/* Begin PBXFileReference section */
		164BC95624D7C2720078E257 /* UIScrollViewExample.app */ = {isa = PBXFileReference; explicitFileType = wrapper.application; includeInIndex = 0; path = UIScrollViewExample.app; sourceTree = BUILT_PRODUCTS_DIR; };
		164BC95924D7C2720078E257 /* AppDelegate.swift */ = {isa = PBXFileReference; lastKnownFileType = sourcecode.swift; path = AppDelegate.swift; sourceTree = "<group>"; };
		164BC95B24D7C2720078E257 /* SceneDelegate.swift */ = {isa = PBXFileReference; lastKnownFileType = sourcecode.swift; path = SceneDelegate.swift; sourceTree = "<group>"; };
		164BC96024D7C2720078E257 /* Base */ = {isa = PBXFileReference; lastKnownFileType = file.storyboard; name = Base; path = Base.lproj/Main.storyboard; sourceTree = "<group>"; };
		164BC96224D7C2740078E257 /* Assets.xcassets */ = {isa = PBXFileReference; lastKnownFileType = folder.assetcatalog; path = Assets.xcassets; sourceTree = "<group>"; };
		164BC96524D7C2740078E257 /* Base */ = {isa = PBXFileReference; lastKnownFileType = file.storyboard; name = Base; path = Base.lproj/LaunchScreen.storyboard; sourceTree = "<group>"; };
		164BC96724D7C2740078E257 /* Info.plist */ = {isa = PBXFileReference; lastKnownFileType = text.plist.xml; path = Info.plist; sourceTree = "<group>"; };
		164BC96F24D7C2940078E257 /* ViewController.swift */ = {isa = PBXFileReference; fileEncoding = 4; lastKnownFileType = sourcecode.swift; path = ViewController.swift; sourceTree = "<group>"; };
		164BC97124D7C2A70078E257 /* ImageDisplayView.swift */ = {isa = PBXFileReference; lastKnownFileType = sourcecode.swift; path = ImageDisplayView.swift; sourceTree = "<group>"; };
		164BC97324D7C2B20078E257 /* ImageDisplayView.xib */ = {isa = PBXFileReference; lastKnownFileType = file.xib; path = ImageDisplayView.xib; sourceTree = "<group>"; };
/* End PBXFileReference section */

/* Begin PBXFrameworksBuildPhase section */
		164BC95324D7C2720078E257 /* Frameworks */ = {
			isa = PBXFrameworksBuildPhase;
			buildActionMask = 2147483647;
			files = (
			);
			runOnlyForDeploymentPostprocessing = 0;
		};
/* End PBXFrameworksBuildPhase section */

/* Begin PBXGroup section */
		164BC94D24D7C2720078E257 = {
			isa = PBXGroup;
			children = (
				164BC95824D7C2720078E257 /* UIScrollViewExample */,
				164BC95724D7C2720078E257 /* Products */,
			);
			sourceTree = "<group>";
		};
		164BC95724D7C2720078E257 /* Products */ = {
			isa = PBXGroup;
			children = (
				164BC95624D7C2720078E257 /* UIScrollViewExample.app */,
			);
			name = Products;
			sourceTree = "<group>";
		};
		164BC95824D7C2720078E257 /* UIScrollViewExample */ = {
			isa = PBXGroup;
			children = (
				164BC95924D7C2720078E257 /* AppDelegate.swift */,
				164BC95B24D7C2720078E257 /* SceneDelegate.swift */,
				164BC95F24D7C2720078E257 /* Main.storyboard */,
				164BC96224D7C2740078E257 /* Assets.xcassets */,
				164BC96424D7C2740078E257 /* LaunchScreen.storyboard */,
				164BC96724D7C2740078E257 /* Info.plist */,
				164BC96E24D7C2940078E257 /* Controller */,
				164BC96D24D7C2940078E257 /* View */,
			);
			path = UIScrollViewExample;
			sourceTree = "<group>";
		};
		164BC96D24D7C2940078E257 /* View */ = {
			isa = PBXGroup;
			children = (
				164BC97124D7C2A70078E257 /* ImageDisplayView.swift */,
				164BC97324D7C2B20078E257 /* ImageDisplayView.xib */,
			);
			path = View;
			sourceTree = "<group>";
		};
		164BC96E24D7C2940078E257 /* Controller */ = {
			isa = PBXGroup;
			children = (
				164BC96F24D7C2940078E257 /* ViewController.swift */,
			);
			path = Controller;
			sourceTree = "<group>";
		};
/* End PBXGroup section */

/* Begin PBXNativeTarget section */
		164BC95524D7C2720078E257 /* UIScrollViewExample */ = {
			isa = PBXNativeTarget;
			buildConfigurationList = 164BC96A24D7C2740078E257 /* Build configuration list for PBXNativeTarget "UIScrollViewExample" */;
			buildPhases = (
				164BC95224D7C2720078E257 /* Sources */,
				164BC95324D7C2720078E257 /* Frameworks */,
				164BC95424D7C2720078E257 /* Resources */,
			);
			buildRules = (
			);
			dependencies = (
			);
			name = UIScrollViewExample;
			productName = UIScrollViewExample;
			productReference = 164BC95624D7C2720078E257 /* UIScrollViewExample.app */;
			productType = "com.apple.product-type.application";
		};
/* End PBXNativeTarget section */

/* Begin PBXProject section */
		164BC94E24D7C2720078E257 /* Project object */ = {
			isa = PBXProject;
			attributes = {
				LastSwiftUpdateCheck = 1110;
				LastUpgradeCheck = 1110;
				ORGANIZATIONNAME = yu_ookubo;
				TargetAttributes = {
					164BC95524D7C2720078E257 = {
						CreatedOnToolsVersion = 11.1;
					};
				};
			};
			buildConfigurationList = 164BC95124D7C2720078E257 /* Build configuration list for PBXProject "UIScrollViewExample" */;
			compatibilityVersion = "Xcode 9.3";
			developmentRegion = en;
			hasScannedForEncodings = 0;
			knownRegions = (
				en,
				Base,
			);
			mainGroup = 164BC94D24D7C2720078E257;
			productRefGroup = 164BC95724D7C2720078E257 /* Products */;
			projectDirPath = "";
			projectRoot = "";
			targets = (
				164BC95524D7C2720078E257 /* UIScrollViewExample */,
			);
		};
/* End PBXProject section */

/* Begin PBXResourcesBuildPhase section */
		164BC95424D7C2720078E257 /* Resources */ = {
			isa = PBXResourcesBuildPhase;
			buildActionMask = 2147483647;
			files = (
				164BC96624D7C2740078E257 /* LaunchScreen.storyboard in Resources */,
				164BC97424D7C2B20078E257 /* ImageDisplayView.xib in Resources */,
				164BC96324D7C2740078E257 /* Assets.xcassets in Resources */,
				164BC96124D7C2720078E257 /* Main.storyboard in Resources */,
			);
			runOnlyForDeploymentPostprocessing = 0;
		};
/* End PBXResourcesBuildPhase section */

/* Begin PBXSourcesBuildPhase section */
		164BC95224D7C2720078E257 /* Sources */ = {
			isa = PBXSourcesBuildPhase;
			buildActionMask = 2147483647;
			files = (
				164BC95A24D7C2720078E257 /* AppDelegate.swift in Sources */,
				164BC97224D7C2A80078E257 /* ImageDisplayView.swift in Sources */,
				164BC97024D7C2940078E257 /* ViewController.swift in Sources */,
				164BC95C24D7C2720078E257 /* SceneDelegate.swift in Sources */,
			);
			runOnlyForDeploymentPostprocessing = 0;
		};
/* End PBXSourcesBuildPhase section */

/* Begin PBXVariantGroup section */
		164BC95F24D7C2720078E257 /* Main.storyboard */ = {
			isa = PBXVariantGroup;
			children = (
				164BC96024D7C2720078E257 /* Base */,
			);
			name = Main.storyboard;
			sourceTree = "<group>";
		};
		164BC96424D7C2740078E257 /* LaunchScreen.storyboard */ = {
			isa = PBXVariantGroup;
			children = (
				164BC96524D7C2740078E257 /* Base */,
			);
			name = LaunchScreen.storyboard;
			sourceTree = "<group>";
		};
/* End PBXVariantGroup section */

/* Begin XCBuildConfiguration section */
		164BC96824D7C2740078E257 /* Debug */ = {
			isa = XCBuildConfiguration;
			buildSettings = {
				ALWAYS_SEARCH_USER_PATHS = NO;
				CLANG_ANALYZER_NONNULL = YES;
				CLANG_ANALYZER_NUMBER_OBJECT_CONVERSION = YES_AGGRESSIVE;
				CLANG_CXX_LANGUAGE_STANDARD = "gnu++14";
				CLANG_CXX_LIBRARY = "libc++";
				CLANG_ENABLE_MODULES = YES;
				CLANG_ENABLE_OBJC_ARC = YES;
				CLANG_ENABLE_OBJC_WEAK = YES;
				CLANG_WARN_BLOCK_CAPTURE_AUTORELEASING = YES;
				CLANG_WARN_BOOL_CONVERSION = YES;
				CLANG_WARN_COMMA = YES;
				CLANG_WARN_CONSTANT_CONVERSION = YES;
				CLANG_WARN_DEPRECATED_OBJC_IMPLEMENTATIONS = YES;
				CLANG_WARN_DIRECT_OBJC_ISA_USAGE = YES_ERROR;
				CLANG_WARN_DOCUMENTATION_COMMENTS = YES;
				CLANG_WARN_EMPTY_BODY = YES;
				CLANG_WARN_ENUM_CONVERSION = YES;
				CLANG_WARN_INFINITE_RECURSION = YES;
				CLANG_WARN_INT_CONVERSION = YES;
				CLANG_WARN_NON_LITERAL_NULL_CONVERSION = YES;
				CLANG_WARN_OBJC_IMPLICIT_RETAIN_SELF = YES;
				CLANG_WARN_OBJC_LITERAL_CONVERSION = YES;
				CLANG_WARN_OBJC_ROOT_CLASS = YES_ERROR;
				CLANG_WARN_RANGE_LOOP_ANALYSIS = YES;
				CLANG_WARN_STRICT_PROTOTYPES = YES;
				CLANG_WARN_SUSPICIOUS_MOVE = YES;
				CLANG_WARN_UNGUARDED_AVAILABILITY = YES_AGGRESSIVE;
				CLANG_WARN_UNREACHABLE_CODE = YES;
				CLANG_WARN__DUPLICATE_METHOD_MATCH = YES;
				COPY_PHASE_STRIP = NO;
				DEBUG_INFORMATION_FORMAT = dwarf;
				ENABLE_STRICT_OBJC_MSGSEND = YES;
				ENABLE_TESTABILITY = YES;
				GCC_C_LANGUAGE_STANDARD = gnu11;
				GCC_DYNAMIC_NO_PIC = NO;
				GCC_NO_COMMON_BLOCKS = YES;
				GCC_OPTIMIZATION_LEVEL = 0;
				GCC_PREPROCESSOR_DEFINITIONS = (
					"DEBUG=1",
					"$(inherited)",
				);
				GCC_WARN_64_TO_32_BIT_CONVERSION = YES;
				GCC_WARN_ABOUT_RETURN_TYPE = YES_ERROR;
				GCC_WARN_UNDECLARED_SELECTOR = YES;
				GCC_WARN_UNINITIALIZED_AUTOS = YES_AGGRESSIVE;
				GCC_WARN_UNUSED_FUNCTION = YES;
				GCC_WARN_UNUSED_VARIABLE = YES;
				IPHONEOS_DEPLOYMENT_TARGET = 13.1;
				MTL_ENABLE_DEBUG_INFO = INCLUDE_SOURCE;
				MTL_FAST_MATH = YES;
				ONLY_ACTIVE_ARCH = YES;
				SDKROOT = iphoneos;
				SWIFT_ACTIVE_COMPILATION_CONDITIONS = DEBUG;
				SWIFT_OPTIMIZATION_LEVEL = "-Onone";
			};
			name = Debug;
		};
		164BC96924D7C2740078E257 /* Release */ = {
			isa = XCBuildConfiguration;
			buildSettings = {
				ALWAYS_SEARCH_USER_PATHS = NO;
				CLANG_ANALYZER_NONNULL = YES;
				CLANG_ANALYZER_NUMBER_OBJECT_CONVERSION = YES_AGGRESSIVE;
				CLANG_CXX_LANGUAGE_STANDARD = "gnu++14";
				CLANG_CXX_LIBRARY = "libc++";
				CLANG_ENABLE_MODULES = YES;
				CLANG_ENABLE_OBJC_ARC = YES;
				CLANG_ENABLE_OBJC_WEAK = YES;
				CLANG_WARN_BLOCK_CAPTURE_AUTORELEASING = YES;
				CLANG_WARN_BOOL_CONVERSION = YES;
				CLANG_WARN_COMMA = YES;
				CLANG_WARN_CONSTANT_CONVERSION = YES;
				CLANG_WARN_DEPRECATED_OBJC_IMPLEMENTATIONS = YES;
				CLANG_WARN_DIRECT_OBJC_ISA_USAGE = YES_ERROR;
				CLANG_WARN_DOCUMENTATION_COMMENTS = YES;
				CLANG_WARN_EMPTY_BODY = YES;
				CLANG_WARN_ENUM_CONVERSION = YES;
				CLANG_WARN_INFINITE_RECURSION = YES;
				CLANG_WARN_INT_CONVERSION = YES;
				CLANG_WARN_NON_LITERAL_NULL_CONVERSION = YES;
				CLANG_WARN_OBJC_IMPLICIT_RETAIN_SELF = YES;
				CLANG_WARN_OBJC_LITERAL_CONVERSION = YES;
				CLANG_WARN_OBJC_ROOT_CLASS = YES_ERROR;
				CLANG_WARN_RANGE_LOOP_ANALYSIS = YES;
				CLANG_WARN_STRICT_PROTOTYPES = YES;
				CLANG_WARN_SUSPICIOUS_MOVE = YES;
				CLANG_WARN_UNGUARDED_AVAILABILITY = YES_AGGRESSIVE;
				CLANG_WARN_UNREACHABLE_CODE = YES;
				CLANG_WARN__DUPLICATE_METHOD_MATCH = YES;
				COPY_PHASE_STRIP = NO;
				DEBUG_INFORMATION_FORMAT = "dwarf-with-dsym";
				ENABLE_NS_ASSERTIONS = NO;
				ENABLE_STRICT_OBJC_MSGSEND = YES;
				GCC_C_LANGUAGE_STANDARD = gnu11;
				GCC_NO_COMMON_BLOCKS = YES;
				GCC_WARN_64_TO_32_BIT_CONVERSION = YES;
				GCC_WARN_ABOUT_RETURN_TYPE = YES_ERROR;
				GCC_WARN_UNDECLARED_SELECTOR = YES;
				GCC_WARN_UNINITIALIZED_AUTOS = YES_AGGRESSIVE;
				GCC_WARN_UNUSED_FUNCTION = YES;
				GCC_WARN_UNUSED_VARIABLE = YES;
				IPHONEOS_DEPLOYMENT_TARGET = 13.1;
				MTL_ENABLE_DEBUG_INFO = NO;
				MTL_FAST_MATH = YES;
				SDKROOT = iphoneos;
				SWIFT_COMPILATION_MODE = wholemodule;
				SWIFT_OPTIMIZATION_LEVEL = "-O";
				VALIDATE_PRODUCT = YES;
			};
			name = Release;
		};
		164BC96B24D7C2740078E257 /* Debug */ = {
			isa = XCBuildConfiguration;
			buildSettings = {
				ASSETCATALOG_COMPILER_APPICON_NAME = AppIcon;
				CODE_SIGN_STYLE = Automatic;
				DEVELOPMENT_TEAM = 4TAZVPEAZN;
				INFOPLIST_FILE = UIScrollViewExample/Info.plist;
				LD_RUNPATH_SEARCH_PATHS = (
					"$(inherited)",
					"@executable_path/Frameworks",
				);
				PRODUCT_BUNDLE_IDENTIFIER = com.tommy.UIScrollViewExample;
				PRODUCT_NAME = "$(TARGET_NAME)";
				SWIFT_VERSION = 5.0;
				TARGETED_DEVICE_FAMILY = "1,2";
			};
			name = Debug;
		};
		164BC96C24D7C2740078E257 /* Release */ = {
			isa = XCBuildConfiguration;
			buildSettings = {
				ASSETCATALOG_COMPILER_APPICON_NAME = AppIcon;
				CODE_SIGN_STYLE = Automatic;
				DEVELOPMENT_TEAM = 4TAZVPEAZN;
				INFOPLIST_FILE = UIScrollViewExample/Info.plist;
				LD_RUNPATH_SEARCH_PATHS = (
					"$(inherited)",
					"@executable_path/Frameworks",
				);
				PRODUCT_BUNDLE_IDENTIFIER = com.tommy.UIScrollViewExample;
				PRODUCT_NAME = "$(TARGET_NAME)";
				SWIFT_VERSION = 5.0;
				TARGETED_DEVICE_FAMILY = "1,2";
			};
			name = Release;
		};
/* End XCBuildConfiguration section */

/* Begin XCConfigurationList section */
		164BC95124D7C2720078E257 /* Build configuration list for PBXProject "UIScrollViewExample" */ = {
			isa = XCConfigurationList;
			buildConfigurations = (
				164BC96824D7C2740078E257 /* Debug */,
				164BC96924D7C2740078E257 /* Release */,
			);
			defaultConfigurationIsVisible = 0;
			defaultConfigurationName = Release;
		};
		164BC96A24D7C2740078E257 /* Build configuration list for PBXNativeTarget "UIScrollViewExample" */ = {
			isa = XCConfigurationList;
			buildConfigurations = (
				164BC96B24D7C2740078E257 /* Debug */,
				164BC96C24D7C2740078E257 /* Release */,
			);
			defaultConfigurationIsVisible = 0;
			defaultConfigurationName = Release;
		};
/* End XCConfigurationList section */
	};
	rootObject = 164BC94E24D7C2720078E257 /* Project object */;
}
